
Microsoft Visual Studio Solution File, Format Version 12.00
Project("{FAE04EC0-301F-11D3-BF4B-00C04F79EFBC}") = "MoneyFlow", "MoneyFlow\MoneyFlow.csproj", "{6608357C-C959-4FEE-8217-06929346FAEC}"
EndProject
Global
	GlobalSection(SolutionConfigurationPlatforms) = preSolution
		Debug|Any CPU = Debug|Any CPU
		Release|Any CPU = Release|Any CPU
	EndGlobalSection
	GlobalSection(ProjectConfigurationPlatforms) = postSolution
		{6608357C-C959-4FEE-8217-06929346FAEC}.Debug|Any CPU.ActiveCfg = Debug|Any CPU
		{6608357C-C959-4FEE-8217-06929346FAEC}.Debug|Any CPU.Build.0 = Debug|Any CPU
		{6608357C-C959-4FEE-8217-06929346FAEC}.Release|Any CPU.ActiveCfg = Release|Any CPU
		{6608357C-C959-4FEE-8217-06929346FAEC}.Release|Any CPU.Build.0 = Release|Any CPU
	EndGlobalSection
EndGlobal
